// !$*UTF8*$!
{
	archiveVersion = 1;
	classes = {
	};
	objectVersion = 46;
	objects = {

/* Begin PBXBuildFile section */
		1FFF0610CDC78805412E316B /* Pods_Preelo.framework in Frameworks */ = {isa = PBXBuildFile; fileRef = A609B1C2189643CD7DF9756B /* Pods_Preelo.framework */; };
		6203EECE1EA61D8000E7D38B /* ParentDetailVC.xib in Resources */ = {isa = PBXBuildFile; fileRef = 6203EECD1EA61D8000E7D38B /* ParentDetailVC.xib */; };
		621C2C181E750D95008BD57F /* AppDelegate.swift in Sources */ = {isa = PBXBuildFile; fileRef = 621C2C171E750D95008BD57F /* AppDelegate.swift */; };
		621C2C1F1E750D95008BD57F /* Assets.xcassets in Resources */ = {isa = PBXBuildFile; fileRef = 621C2C1E1E750D95008BD57F /* Assets.xcassets */; };
		621C2C221E750D95008BD57F /* LaunchScreen.storyboard in Resources */ = {isa = PBXBuildFile; fileRef = 621C2C201E750D95008BD57F /* LaunchScreen.storyboard */; };
		621C2C2D1E750D95008BD57F /* PreeloTests.swift in Sources */ = {isa = PBXBuildFile; fileRef = 621C2C2C1E750D95008BD57F /* PreeloTests.swift */; };
		621C2C381E750D95008BD57F /* PreeloUITests.swift in Sources */ = {isa = PBXBuildFile; fileRef = 621C2C371E750D95008BD57F /* PreeloUITests.swift */; };
		6224B2641EB8EC11009C8D98 /* AlertVC.xib in Resources */ = {isa = PBXBuildFile; fileRef = 6224B2631EB8EC11009C8D98 /* AlertVC.xib */; };
		622A8FB71E9D3A1200B34B56 /* AddPatientVC.swift in Sources */ = {isa = PBXBuildFile; fileRef = 622A8FA31E9D3A1200B34B56 /* AddPatientVC.swift */; };
		622A8FB81E9D3A1200B34B56 /* AddPatientVC.xib in Resources */ = {isa = PBXBuildFile; fileRef = 622A8FA41E9D3A1200B34B56 /* AddPatientVC.xib */; };
		622A8FB91E9D3A1200B34B56 /* AutoLayoutHelper.swift in Sources */ = {isa = PBXBuildFile; fileRef = 622A8FA51E9D3A1200B34B56 /* AutoLayoutHelper.swift */; };
		622A8FBA1E9D3A1200B34B56 /* CustomNavigationBar.swift in Sources */ = {isa = PBXBuildFile; fileRef = 622A8FA61E9D3A1200B34B56 /* CustomNavigationBar.swift */; };
		622A8FBB1E9D3A1200B34B56 /* Extensions.swift in Sources */ = {isa = PBXBuildFile; fileRef = 622A8FA71E9D3A1200B34B56 /* Extensions.swift */; };
		622A8FBC1E9D3A1200B34B56 /* FloatingTextField.swift in Sources */ = {isa = PBXBuildFile; fileRef = 622A8FA81E9D3A1200B34B56 /* FloatingTextField.swift */; };
		622A8FBD1E9D3A1200B34B56 /* ForgotPasswordVC.swift in Sources */ = {isa = PBXBuildFile; fileRef = 622A8FA91E9D3A1200B34B56 /* ForgotPasswordVC.swift */; };
		622A8FBE1E9D3A1200B34B56 /* LoginDetailVC.swift in Sources */ = {isa = PBXBuildFile; fileRef = 622A8FAA1E9D3A1200B34B56 /* LoginDetailVC.swift */; };
		622A8FBF1E9D3A1200B34B56 /* LoginVC.swift in Sources */ = {isa = PBXBuildFile; fileRef = 622A8FAB1E9D3A1200B34B56 /* LoginVC.swift */; };
		622A8FC01E9D3A1200B34B56 /* Main.storyboard in Resources */ = {isa = PBXBuildFile; fileRef = 622A8FAC1E9D3A1200B34B56 /* Main.storyboard */; };
		622A8FC11E9D3A1200B34B56 /* MessageVC.swift in Sources */ = {isa = PBXBuildFile; fileRef = 622A8FAD1E9D3A1200B34B56 /* MessageVC.swift */; };
		622A8FC21E9D3A1200B34B56 /* ParentDetailVC.swift in Sources */ = {isa = PBXBuildFile; fileRef = 622A8FAE1E9D3A1200B34B56 /* ParentDetailVC.swift */; };
		622A8FC41E9D3A1200B34B56 /* PatientListVC.swift in Sources */ = {isa = PBXBuildFile; fileRef = 622A8FB01E9D3A1200B34B56 /* PatientListVC.swift */; };
		622A8FC71E9D3A1200B34B56 /* PreeloTextField.swift in Sources */ = {isa = PBXBuildFile; fileRef = 622A8FB31E9D3A1200B34B56 /* PreeloTextField.swift */; };
		622A8FC81E9D3A1200B34B56 /* ReminderVC.swift in Sources */ = {isa = PBXBuildFile; fileRef = 622A8FB41E9D3A1200B34B56 /* ReminderVC.swift */; };
		622A8FC91E9D3A1200B34B56 /* StaticContentFile.swift in Sources */ = {isa = PBXBuildFile; fileRef = 622A8FB51E9D3A1200B34B56 /* StaticContentFile.swift */; };
		622A8FCA1E9D3A1200B34B56 /* TextValidator.swift in Sources */ = {isa = PBXBuildFile; fileRef = 622A8FB61E9D3A1200B34B56 /* TextValidator.swift */; };
		622A8FCD1E9D500C00B34B56 /* ParentDetailCell.swift in Sources */ = {isa = PBXBuildFile; fileRef = 622A8FCB1E9D500C00B34B56 /* ParentDetailCell.swift */; };
		622A8FCE1E9D500C00B34B56 /* ParentDetailCell.xib in Resources */ = {isa = PBXBuildFile; fileRef = 622A8FCC1E9D500C00B34B56 /* ParentDetailCell.xib */; };
		622A8FD71E9D6B3800B34B56 /* AlertVC.swift in Sources */ = {isa = PBXBuildFile; fileRef = 622A8FD51E9D6B3800B34B56 /* AlertVC.swift */; };
		623D5EDD1EA0BAA200389481 /* SlideOutVC.swift in Sources */ = {isa = PBXBuildFile; fileRef = 623D5EDC1EA0BAA200389481 /* SlideOutVC.swift */; };
		624B44541EAE76FD0014D2A2 /* DocAuthorizationRequest.swift in Sources */ = {isa = PBXBuildFile; fileRef = 624B44531EAE76FD0014D2A2 /* DocAuthorizationRequest.swift */; };
		624B44561EAE79410014D2A2 /* AuthorizationRequestListRouter.swift in Sources */ = {isa = PBXBuildFile; fileRef = 624B44551EAE79410014D2A2 /* AuthorizationRequestListRouter.swift */; };
		624C63081EADDF8A00934D3E /* SelectRouter.swift in Sources */ = {isa = PBXBuildFile; fileRef = 624C63071EADDF8A00934D3E /* SelectRouter.swift */; };
		626160F51EC42E82002CCCA8 /* ChannelDetail.swift in Sources */ = {isa = PBXBuildFile; fileRef = 626160F41EC42E82002CCCA8 /* ChannelDetail.swift */; };
		626160F71EC43146002CCCA8 /* RecentMessages.swift in Sources */ = {isa = PBXBuildFile; fileRef = 626160F61EC43146002CCCA8 /* RecentMessages.swift */; };
		626AB13D1EA35FD2001271D3 /* TabBarVC.swift in Sources */ = {isa = PBXBuildFile; fileRef = 626AB13C1EA35FD2001271D3 /* TabBarVC.swift */; };
		626AB13F1EA36350001271D3 /* DoctorList.swift in Sources */ = {isa = PBXBuildFile; fileRef = 626AB13E1EA36350001271D3 /* DoctorList.swift */; };
		626AB1431EA36461001271D3 /* ChildrenDetail.swift in Sources */ = {isa = PBXBuildFile; fileRef = 626AB1421EA36461001271D3 /* ChildrenDetail.swift */; };
		626AB1451EA365FE001271D3 /* DoctorListRouter.swift in Sources */ = {isa = PBXBuildFile; fileRef = 626AB1441EA365FE001271D3 /* DoctorListRouter.swift */; };
		629E4E891EA29C1600F280AD /* logIn.swift in Sources */ = {isa = PBXBuildFile; fileRef = 629E4E881EA29C1600F280AD /* logIn.swift */; };
		629E4E8B1EA29C8800F280AD /* LogInDetail.swift in Sources */ = {isa = PBXBuildFile; fileRef = 629E4E8A1EA29C8800F280AD /* LogInDetail.swift */; };
		629E4E8D1EA29FD200F280AD /* PatientRouter.swift in Sources */ = {isa = PBXBuildFile; fileRef = 629E4E8C1EA29FD200F280AD /* PatientRouter.swift */; };
		629E4E8F1EA2A41C00F280AD /* ForgotPassword.swift in Sources */ = {isa = PBXBuildFile; fileRef = 629E4E8E1EA2A41C00F280AD /* ForgotPassword.swift */; };
		629E4E931EA2AABB00F280AD /* Patients.swift in Sources */ = {isa = PBXBuildFile; fileRef = 629E4E921EA2AABB00F280AD /* Patients.swift */; };
		629E4E951EA2AB7300F280AD /* PatientList.swift in Sources */ = {isa = PBXBuildFile; fileRef = 629E4E941EA2AB7300F280AD /* PatientList.swift */; };
		629E4E971EA2AB7F00F280AD /* FamilyList.swift in Sources */ = {isa = PBXBuildFile; fileRef = 629E4E961EA2AB7F00F280AD /* FamilyList.swift */; };
		62ACD5051EA125D1000B0EDE /* NetworkURL.swift in Sources */ = {isa = PBXBuildFile; fileRef = 62ACD5041EA125D1000B0EDE /* NetworkURL.swift */; };
		62ACD5081EA129BF000B0EDE /* LogInRouter.swift in Sources */ = {isa = PBXBuildFile; fileRef = 62ACD5071EA129BF000B0EDE /* LogInRouter.swift */; };
		62B729E51EC83E63006057DB /* FromMessageCell.swift in Sources */ = {isa = PBXBuildFile; fileRef = 62B729E31EC83E63006057DB /* FromMessageCell.swift */; };
		62B729E61EC83E63006057DB /* FromMessageCell.xib in Resources */ = {isa = PBXBuildFile; fileRef = 62B729E41EC83E63006057DB /* FromMessageCell.xib */; };
		62B729E91EC83E74006057DB /* ToMessageCell.swift in Sources */ = {isa = PBXBuildFile; fileRef = 62B729E71EC83E74006057DB /* ToMessageCell.swift */; };
		62B729EA1EC83E74006057DB /* ToMessageCell.xib in Resources */ = {isa = PBXBuildFile; fileRef = 62B729E81EC83E74006057DB /* ToMessageCell.xib */; };
		62B729EE1EC84387006057DB /* ImageListCell.swift in Sources */ = {isa = PBXBuildFile; fileRef = 62B729EC1EC84387006057DB /* ImageListCell.swift */; };
		62B729EF1EC84387006057DB /* ImageListCell.xib in Resources */ = {isa = PBXBuildFile; fileRef = 62B729ED1EC84387006057DB /* ImageListCell.xib */; };
		62B729F21EC84575006057DB /* ImageCell.swift in Sources */ = {isa = PBXBuildFile; fileRef = 62B729F01EC84575006057DB /* ImageCell.swift */; };
		62B729F31EC84575006057DB /* ImageCell.xib in Resources */ = {isa = PBXBuildFile; fileRef = 62B729F11EC84575006057DB /* ImageCell.xib */; };
		62B729F61EC84800006057DB /* CompleteImageVC.swift in Sources */ = {isa = PBXBuildFile; fileRef = 62B729F41EC84800006057DB /* CompleteImageVC.swift */; };
		62B729F71EC84800006057DB /* CompleteImageVC.xib in Resources */ = {isa = PBXBuildFile; fileRef = 62B729F51EC84800006057DB /* CompleteImageVC.xib */; };
		62B729F91EC8538A006057DB /* SuccessStatus.swift in Sources */ = {isa = PBXBuildFile; fileRef = 62B729F81EC8538A006057DB /* SuccessStatus.swift */; };
		62B729FC1EC862C5006057DB /* SelectedImagesVC.swift in Sources */ = {isa = PBXBuildFile; fileRef = 62B729FA1EC862C5006057DB /* SelectedImagesVC.swift */; };
		62B729FD1EC862C5006057DB /* SelectedImagesVC.xib in Resources */ = {isa = PBXBuildFile; fileRef = 62B729FB1EC862C5006057DB /* SelectedImagesVC.xib */; };
		62C6F7F91EB87BCA00D5160A /* RelationPickerView.swift in Sources */ = {isa = PBXBuildFile; fileRef = 62C6F7F81EB87BCA00D5160A /* RelationPickerView.swift */; };
		62CDDBDD1ECA3354000A2AC7 /* PlistManager.swift in Sources */ = {isa = PBXBuildFile; fileRef = 62CDDBDC1ECA3354000A2AC7 /* PlistManager.swift */; };
		62D027DD1EB12E0500A6ACF3 /* SendTextMessageRouter.swift in Sources */ = {isa = PBXBuildFile; fileRef = 62D027DC1EB12E0500A6ACF3 /* SendTextMessageRouter.swift */; };
		62D064941EA3EEB4007A503F /* addPatient.swift in Sources */ = {isa = PBXBuildFile; fileRef = 62D064931EA3EEB4007A503F /* addPatient.swift */; };
		62D064961EA3EF00007A503F /* addFamily.swift in Sources */ = {isa = PBXBuildFile; fileRef = 62D064951EA3EF00007A503F /* addFamily.swift */; };
		62D432811EA3C08F005FA616 /* LogoutRouter.swift in Sources */ = {isa = PBXBuildFile; fileRef = 62D432801EA3C08F005FA616 /* LogoutRouter.swift */; };
		62DA83641ED19F040048A9D9 /* AssetsLibrary.framework in Frameworks */ = {isa = PBXBuildFile; fileRef = 62DA83631ED19F040048A9D9 /* AssetsLibrary.framework */; };
		62DAC9EB1EABEF04005BB0FF /* SelectChildrenVC.swift in Sources */ = {isa = PBXBuildFile; fileRef = 62DAC9E91EABEF04005BB0FF /* SelectChildrenVC.swift */; };
		62DAC9EC1EABEF04005BB0FF /* SelectChildrenVC.xib in Resources */ = {isa = PBXBuildFile; fileRef = 62DAC9EA1EABEF04005BB0FF /* SelectChildrenVC.xib */; };
		62DAC9EE1EABF897005BB0FF /* AuthorizeRouter.swift in Sources */ = {isa = PBXBuildFile; fileRef = 62DAC9ED1EABF897005BB0FF /* AuthorizeRouter.swift */; };
		62DAC9F01EABFD58005BB0FF /* AuthorizeRequest.swift in Sources */ = {isa = PBXBuildFile; fileRef = 62DAC9EF1EABFD58005BB0FF /* AuthorizeRequest.swift */; };
		62E3AB7D1EA101410061802F /* ChatCell.swift in Sources */ = {isa = PBXBuildFile; fileRef = 62E3AB7B1EA101410061802F /* ChatCell.swift */; };
		62E3AB7E1EA101410061802F /* ChatCell.xib in Resources */ = {isa = PBXBuildFile; fileRef = 62E3AB7C1EA101410061802F /* ChatCell.xib */; };
		62E3AB821EA107530061802F /* DisclaimerVC.swift in Sources */ = {isa = PBXBuildFile; fileRef = 62E3AB801EA107530061802F /* DisclaimerVC.swift */; };
		62E3AB831EA107530061802F /* DisclaimerVC.xib in Resources */ = {isa = PBXBuildFile; fileRef = 62E3AB811EA107530061802F /* DisclaimerVC.xib */; };
		62E3AB861EA10C140061802F /* ChatVC.swift in Sources */ = {isa = PBXBuildFile; fileRef = 62E3AB841EA10C140061802F /* ChatVC.swift */; };
		62E3AB871EA10C140061802F /* ChatVC.xib in Resources */ = {isa = PBXBuildFile; fileRef = 62E3AB851EA10C140061802F /* ChatVC.xib */; };
		62E3AB961EA114340061802F /* Ubuntu-B.ttf in Resources */ = {isa = PBXBuildFile; fileRef = 62E3AB891EA112C40061802F /* Ubuntu-B.ttf */; };
		62E3AB971EA114340061802F /* Ubuntu-C.ttf in Resources */ = {isa = PBXBuildFile; fileRef = 62E3AB8B1EA112C40061802F /* Ubuntu-C.ttf */; };
		62E3AB981EA114340061802F /* Ubuntu-L.ttf in Resources */ = {isa = PBXBuildFile; fileRef = 62E3AB8C1EA112C40061802F /* Ubuntu-L.ttf */; };
		62E3AB991EA114340061802F /* Ubuntu-M.ttf in Resources */ = {isa = PBXBuildFile; fileRef = 62E3AB8E1EA112C40061802F /* Ubuntu-M.ttf */; };
		62E3AB9A1EA114340061802F /* Ubuntu-R.ttf in Resources */ = {isa = PBXBuildFile; fileRef = 62E3AB901EA112C40061802F /* Ubuntu-R.ttf */; };
		62E3AB9B1EA114340061802F /* UbuntuMono-B.ttf in Resources */ = {isa = PBXBuildFile; fileRef = 62E3AB921EA112C40061802F /* UbuntuMono-B.ttf */; };
		62E3AB9C1EA114340061802F /* UbuntuMono-R.ttf in Resources */ = {isa = PBXBuildFile; fileRef = 62E3AB941EA112C40061802F /* UbuntuMono-R.ttf */; };
/* End PBXBuildFile section */

/* Begin PBXContainerItemProxy section */
		621C2C291E750D95008BD57F /* PBXContainerItemProxy */ = {
			isa = PBXContainerItemProxy;
			containerPortal = 621C2C0C1E750D95008BD57F /* Project object */;
			proxyType = 1;
			remoteGlobalIDString = 621C2C131E750D95008BD57F;
			remoteInfo = Preelo;
		};
		621C2C341E750D95008BD57F /* PBXContainerItemProxy */ = {
			isa = PBXContainerItemProxy;
			containerPortal = 621C2C0C1E750D95008BD57F /* Project object */;
			proxyType = 1;
			remoteGlobalIDString = 621C2C131E750D95008BD57F;
			remoteInfo = Preelo;
		};
/* End PBXContainerItemProxy section */

/* Begin PBXFileReference section */
		6203EECD1EA61D8000E7D38B /* ParentDetailVC.xib */ = {isa = PBXFileReference; fileEncoding = 4; lastKnownFileType = file.xib; path = ParentDetailVC.xib; sourceTree = "<group>"; };
		621C2C141E750D95008BD57F /* Preelo.app */ = {isa = PBXFileReference; explicitFileType = wrapper.application; includeInIndex = 0; path = Preelo.app; sourceTree = BUILT_PRODUCTS_DIR; };
		621C2C171E750D95008BD57F /* AppDelegate.swift */ = {isa = PBXFileReference; lastKnownFileType = sourcecode.swift; path = AppDelegate.swift; sourceTree = "<group>"; };
		621C2C1E1E750D95008BD57F /* Assets.xcassets */ = {isa = PBXFileReference; lastKnownFileType = folder.assetcatalog; path = Assets.xcassets; sourceTree = "<group>"; };
		621C2C211E750D95008BD57F /* Base */ = {isa = PBXFileReference; lastKnownFileType = file.storyboard; name = Base; path = Base.lproj/LaunchScreen.storyboard; sourceTree = "<group>"; };
		621C2C231E750D95008BD57F /* Info.plist */ = {isa = PBXFileReference; lastKnownFileType = text.plist.xml; path = Info.plist; sourceTree = "<group>"; };
		621C2C281E750D95008BD57F /* PreeloTests.xctest */ = {isa = PBXFileReference; explicitFileType = wrapper.cfbundle; includeInIndex = 0; path = PreeloTests.xctest; sourceTree = BUILT_PRODUCTS_DIR; };
		621C2C2C1E750D95008BD57F /* PreeloTests.swift */ = {isa = PBXFileReference; lastKnownFileType = sourcecode.swift; path = PreeloTests.swift; sourceTree = "<group>"; };
		621C2C2E1E750D95008BD57F /* Info.plist */ = {isa = PBXFileReference; lastKnownFileType = text.plist.xml; path = Info.plist; sourceTree = "<group>"; };
		621C2C331E750D95008BD57F /* PreeloUITests.xctest */ = {isa = PBXFileReference; explicitFileType = wrapper.cfbundle; includeInIndex = 0; path = PreeloUITests.xctest; sourceTree = BUILT_PRODUCTS_DIR; };
		621C2C371E750D95008BD57F /* PreeloUITests.swift */ = {isa = PBXFileReference; lastKnownFileType = sourcecode.swift; path = PreeloUITests.swift; sourceTree = "<group>"; };
		621C2C391E750D95008BD57F /* Info.plist */ = {isa = PBXFileReference; lastKnownFileType = text.plist.xml; path = Info.plist; sourceTree = "<group>"; };
		6224B2631EB8EC11009C8D98 /* AlertVC.xib */ = {isa = PBXFileReference; fileEncoding = 4; lastKnownFileType = file.xib; path = AlertVC.xib; sourceTree = "<group>"; };
		622A8FA31E9D3A1200B34B56 /* AddPatientVC.swift */ = {isa = PBXFileReference; fileEncoding = 4; lastKnownFileType = sourcecode.swift; path = AddPatientVC.swift; sourceTree = "<group>"; };
		622A8FA41E9D3A1200B34B56 /* AddPatientVC.xib */ = {isa = PBXFileReference; fileEncoding = 4; lastKnownFileType = file.xib; path = AddPatientVC.xib; sourceTree = "<group>"; };
		622A8FA51E9D3A1200B34B56 /* AutoLayoutHelper.swift */ = {isa = PBXFileReference; fileEncoding = 4; lastKnownFileType = sourcecode.swift; path = AutoLayoutHelper.swift; sourceTree = "<group>"; };
		622A8FA61E9D3A1200B34B56 /* CustomNavigationBar.swift */ = {isa = PBXFileReference; fileEncoding = 4; lastKnownFileType = sourcecode.swift; path = CustomNavigationBar.swift; sourceTree = "<group>"; };
		622A8FA71E9D3A1200B34B56 /* Extensions.swift */ = {isa = PBXFileReference; fileEncoding = 4; lastKnownFileType = sourcecode.swift; path = Extensions.swift; sourceTree = "<group>"; };
		622A8FA81E9D3A1200B34B56 /* FloatingTextField.swift */ = {isa = PBXFileReference; fileEncoding = 4; lastKnownFileType = sourcecode.swift; path = FloatingTextField.swift; sourceTree = "<group>"; };
		622A8FA91E9D3A1200B34B56 /* ForgotPasswordVC.swift */ = {isa = PBXFileReference; fileEncoding = 4; lastKnownFileType = sourcecode.swift; path = ForgotPasswordVC.swift; sourceTree = "<group>"; };
		622A8FAA1E9D3A1200B34B56 /* LoginDetailVC.swift */ = {isa = PBXFileReference; fileEncoding = 4; lastKnownFileType = sourcecode.swift; path = LoginDetailVC.swift; sourceTree = "<group>"; };
		622A8FAB1E9D3A1200B34B56 /* LoginVC.swift */ = {isa = PBXFileReference; fileEncoding = 4; lastKnownFileType = sourcecode.swift; path = LoginVC.swift; sourceTree = "<group>"; };
		622A8FAC1E9D3A1200B34B56 /* Main.storyboard */ = {isa = PBXFileReference; fileEncoding = 4; lastKnownFileType = file.storyboard; path = Main.storyboard; sourceTree = "<group>"; };
		622A8FAD1E9D3A1200B34B56 /* MessageVC.swift */ = {isa = PBXFileReference; fileEncoding = 4; lastKnownFileType = sourcecode.swift; path = MessageVC.swift; sourceTree = "<group>"; };
		622A8FAE1E9D3A1200B34B56 /* ParentDetailVC.swift */ = {isa = PBXFileReference; fileEncoding = 4; lastKnownFileType = sourcecode.swift; path = ParentDetailVC.swift; sourceTree = "<group>"; };
		622A8FB01E9D3A1200B34B56 /* PatientListVC.swift */ = {isa = PBXFileReference; fileEncoding = 4; lastKnownFileType = sourcecode.swift; path = PatientListVC.swift; sourceTree = "<group>"; };
		622A8FB31E9D3A1200B34B56 /* PreeloTextField.swift */ = {isa = PBXFileReference; fileEncoding = 4; lastKnownFileType = sourcecode.swift; path = PreeloTextField.swift; sourceTree = "<group>"; };
		622A8FB41E9D3A1200B34B56 /* ReminderVC.swift */ = {isa = PBXFileReference; fileEncoding = 4; lastKnownFileType = sourcecode.swift; path = ReminderVC.swift; sourceTree = "<group>"; };
		622A8FB51E9D3A1200B34B56 /* StaticContentFile.swift */ = {isa = PBXFileReference; fileEncoding = 4; lastKnownFileType = sourcecode.swift; path = StaticContentFile.swift; sourceTree = "<group>"; };
		622A8FB61E9D3A1200B34B56 /* TextValidator.swift */ = {isa = PBXFileReference; fileEncoding = 4; lastKnownFileType = sourcecode.swift; path = TextValidator.swift; sourceTree = "<group>"; };
		622A8FCB1E9D500C00B34B56 /* ParentDetailCell.swift */ = {isa = PBXFileReference; fileEncoding = 4; lastKnownFileType = sourcecode.swift; path = ParentDetailCell.swift; sourceTree = "<group>"; };
		622A8FCC1E9D500C00B34B56 /* ParentDetailCell.xib */ = {isa = PBXFileReference; fileEncoding = 4; lastKnownFileType = file.xib; path = ParentDetailCell.xib; sourceTree = "<group>"; };
		622A8FD51E9D6B3800B34B56 /* AlertVC.swift */ = {isa = PBXFileReference; fileEncoding = 4; lastKnownFileType = sourcecode.swift; path = AlertVC.swift; sourceTree = "<group>"; };
		623D5EDC1EA0BAA200389481 /* SlideOutVC.swift */ = {isa = PBXFileReference; fileEncoding = 4; lastKnownFileType = sourcecode.swift; path = SlideOutVC.swift; sourceTree = "<group>"; };
		624B44531EAE76FD0014D2A2 /* DocAuthorizationRequest.swift */ = {isa = PBXFileReference; fileEncoding = 4; lastKnownFileType = sourcecode.swift; path = DocAuthorizationRequest.swift; sourceTree = "<group>"; };
		624B44551EAE79410014D2A2 /* AuthorizationRequestListRouter.swift */ = {isa = PBXFileReference; fileEncoding = 4; lastKnownFileType = sourcecode.swift; path = AuthorizationRequestListRouter.swift; sourceTree = "<group>"; };
		624C63071EADDF8A00934D3E /* SelectRouter.swift */ = {isa = PBXFileReference; fileEncoding = 4; lastKnownFileType = sourcecode.swift; path = SelectRouter.swift; sourceTree = "<group>"; };
		626160F41EC42E82002CCCA8 /* ChannelDetail.swift */ = {isa = PBXFileReference; fileEncoding = 4; lastKnownFileType = sourcecode.swift; path = ChannelDetail.swift; sourceTree = "<group>"; };
		626160F61EC43146002CCCA8 /* RecentMessages.swift */ = {isa = PBXFileReference; fileEncoding = 4; lastKnownFileType = sourcecode.swift; path = RecentMessages.swift; sourceTree = "<group>"; };
		626AB13C1EA35FD2001271D3 /* TabBarVC.swift */ = {isa = PBXFileReference; fileEncoding = 4; lastKnownFileType = sourcecode.swift; path = TabBarVC.swift; sourceTree = "<group>"; };
		626AB13E1EA36350001271D3 /* DoctorList.swift */ = {isa = PBXFileReference; fileEncoding = 4; lastKnownFileType = sourcecode.swift; path = DoctorList.swift; sourceTree = "<group>"; };
		626AB1421EA36461001271D3 /* ChildrenDetail.swift */ = {isa = PBXFileReference; fileEncoding = 4; lastKnownFileType = sourcecode.swift; path = ChildrenDetail.swift; sourceTree = "<group>"; };
		626AB1441EA365FE001271D3 /* DoctorListRouter.swift */ = {isa = PBXFileReference; fileEncoding = 4; lastKnownFileType = sourcecode.swift; path = DoctorListRouter.swift; sourceTree = "<group>"; };
		629E4E881EA29C1600F280AD /* logIn.swift */ = {isa = PBXFileReference; fileEncoding = 4; lastKnownFileType = sourcecode.swift; path = logIn.swift; sourceTree = "<group>"; };
		629E4E8A1EA29C8800F280AD /* LogInDetail.swift */ = {isa = PBXFileReference; fileEncoding = 4; lastKnownFileType = sourcecode.swift; path = LogInDetail.swift; sourceTree = "<group>"; };
		629E4E8C1EA29FD200F280AD /* PatientRouter.swift */ = {isa = PBXFileReference; fileEncoding = 4; lastKnownFileType = sourcecode.swift; path = PatientRouter.swift; sourceTree = "<group>"; };
		629E4E8E1EA2A41C00F280AD /* ForgotPassword.swift */ = {isa = PBXFileReference; fileEncoding = 4; lastKnownFileType = sourcecode.swift; path = ForgotPassword.swift; sourceTree = "<group>"; };
		629E4E921EA2AABB00F280AD /* Patients.swift */ = {isa = PBXFileReference; fileEncoding = 4; lastKnownFileType = sourcecode.swift; path = Patients.swift; sourceTree = "<group>"; };
		629E4E941EA2AB7300F280AD /* PatientList.swift */ = {isa = PBXFileReference; fileEncoding = 4; lastKnownFileType = sourcecode.swift; path = PatientList.swift; sourceTree = "<group>"; };
		629E4E961EA2AB7F00F280AD /* FamilyList.swift */ = {isa = PBXFileReference; fileEncoding = 4; lastKnownFileType = sourcecode.swift; path = FamilyList.swift; sourceTree = "<group>"; };
		62ACD5041EA125D1000B0EDE /* NetworkURL.swift */ = {isa = PBXFileReference; fileEncoding = 4; lastKnownFileType = sourcecode.swift; path = NetworkURL.swift; sourceTree = "<group>"; };
		62ACD5071EA129BF000B0EDE /* LogInRouter.swift */ = {isa = PBXFileReference; fileEncoding = 4; lastKnownFileType = sourcecode.swift; path = LogInRouter.swift; sourceTree = "<group>"; };
		62B729E31EC83E63006057DB /* FromMessageCell.swift */ = {isa = PBXFileReference; fileEncoding = 4; lastKnownFileType = sourcecode.swift; path = FromMessageCell.swift; sourceTree = "<group>"; };
		62B729E41EC83E63006057DB /* FromMessageCell.xib */ = {isa = PBXFileReference; fileEncoding = 4; lastKnownFileType = file.xib; path = FromMessageCell.xib; sourceTree = "<group>"; };
		62B729E71EC83E74006057DB /* ToMessageCell.swift */ = {isa = PBXFileReference; fileEncoding = 4; lastKnownFileType = sourcecode.swift; path = ToMessageCell.swift; sourceTree = "<group>"; };
		62B729E81EC83E74006057DB /* ToMessageCell.xib */ = {isa = PBXFileReference; fileEncoding = 4; lastKnownFileType = file.xib; path = ToMessageCell.xib; sourceTree = "<group>"; };
		62B729EC1EC84387006057DB /* ImageListCell.swift */ = {isa = PBXFileReference; fileEncoding = 4; lastKnownFileType = sourcecode.swift; path = ImageListCell.swift; sourceTree = "<group>"; };
		62B729ED1EC84387006057DB /* ImageListCell.xib */ = {isa = PBXFileReference; fileEncoding = 4; lastKnownFileType = file.xib; path = ImageListCell.xib; sourceTree = "<group>"; };
		62B729F01EC84575006057DB /* ImageCell.swift */ = {isa = PBXFileReference; fileEncoding = 4; lastKnownFileType = sourcecode.swift; path = ImageCell.swift; sourceTree = "<group>"; };
		62B729F11EC84575006057DB /* ImageCell.xib */ = {isa = PBXFileReference; fileEncoding = 4; lastKnownFileType = file.xib; path = ImageCell.xib; sourceTree = "<group>"; };
		62B729F41EC84800006057DB /* CompleteImageVC.swift */ = {isa = PBXFileReference; fileEncoding = 4; lastKnownFileType = sourcecode.swift; path = CompleteImageVC.swift; sourceTree = "<group>"; };
		62B729F51EC84800006057DB /* CompleteImageVC.xib */ = {isa = PBXFileReference; fileEncoding = 4; lastKnownFileType = file.xib; path = CompleteImageVC.xib; sourceTree = "<group>"; };
		62B729F81EC8538A006057DB /* SuccessStatus.swift */ = {isa = PBXFileReference; fileEncoding = 4; lastKnownFileType = sourcecode.swift; path = SuccessStatus.swift; sourceTree = "<group>"; };
		62B729FA1EC862C5006057DB /* SelectedImagesVC.swift */ = {isa = PBXFileReference; fileEncoding = 4; lastKnownFileType = sourcecode.swift; path = SelectedImagesVC.swift; sourceTree = "<group>"; };
		62B729FB1EC862C5006057DB /* SelectedImagesVC.xib */ = {isa = PBXFileReference; fileEncoding = 4; lastKnownFileType = file.xib; path = SelectedImagesVC.xib; sourceTree = "<group>"; };
		62C6F7F81EB87BCA00D5160A /* RelationPickerView.swift */ = {isa = PBXFileReference; fileEncoding = 4; lastKnownFileType = sourcecode.swift; path = RelationPickerView.swift; sourceTree = "<group>"; };
		62C6F7FA1EB8811D00D5160A /* Preelo-Bridging-Header.h */ = {isa = PBXFileReference; lastKnownFileType = sourcecode.c.h; path = "Preelo-Bridging-Header.h"; sourceTree = "<group>"; };
		62CDDBDC1ECA3354000A2AC7 /* PlistManager.swift */ = {isa = PBXFileReference; fileEncoding = 4; lastKnownFileType = sourcecode.swift; path = PlistManager.swift; sourceTree = "<group>"; };
		62D027DC1EB12E0500A6ACF3 /* SendTextMessageRouter.swift */ = {isa = PBXFileReference; fileEncoding = 4; lastKnownFileType = sourcecode.swift; path = SendTextMessageRouter.swift; sourceTree = "<group>"; };
		62D064931EA3EEB4007A503F /* addPatient.swift */ = {isa = PBXFileReference; fileEncoding = 4; lastKnownFileType = sourcecode.swift; path = addPatient.swift; sourceTree = "<group>"; };
		62D064951EA3EF00007A503F /* addFamily.swift */ = {isa = PBXFileReference; fileEncoding = 4; lastKnownFileType = sourcecode.swift; path = addFamily.swift; sourceTree = "<group>"; };
		62D432801EA3C08F005FA616 /* LogoutRouter.swift */ = {isa = PBXFileReference; fileEncoding = 4; lastKnownFileType = sourcecode.swift; path = LogoutRouter.swift; sourceTree = "<group>"; };
		62DA83631ED19F040048A9D9 /* AssetsLibrary.framework */ = {isa = PBXFileReference; lastKnownFileType = wrapper.framework; name = AssetsLibrary.framework; path = System/Library/Frameworks/AssetsLibrary.framework; sourceTree = SDKROOT; };
		62DAC9E91EABEF04005BB0FF /* SelectChildrenVC.swift */ = {isa = PBXFileReference; fileEncoding = 4; lastKnownFileType = sourcecode.swift; path = SelectChildrenVC.swift; sourceTree = "<group>"; };
		62DAC9EA1EABEF04005BB0FF /* SelectChildrenVC.xib */ = {isa = PBXFileReference; fileEncoding = 4; lastKnownFileType = file.xib; path = SelectChildrenVC.xib; sourceTree = "<group>"; };
		62DAC9ED1EABF897005BB0FF /* AuthorizeRouter.swift */ = {isa = PBXFileReference; fileEncoding = 4; lastKnownFileType = sourcecode.swift; path = AuthorizeRouter.swift; sourceTree = "<group>"; };
		62DAC9EF1EABFD58005BB0FF /* AuthorizeRequest.swift */ = {isa = PBXFileReference; fileEncoding = 4; lastKnownFileType = sourcecode.swift; path = AuthorizeRequest.swift; sourceTree = "<group>"; };
		62E3AB7B1EA101410061802F /* ChatCell.swift */ = {isa = PBXFileReference; fileEncoding = 4; lastKnownFileType = sourcecode.swift; path = ChatCell.swift; sourceTree = "<group>"; };
		62E3AB7C1EA101410061802F /* ChatCell.xib */ = {isa = PBXFileReference; fileEncoding = 4; lastKnownFileType = file.xib; path = ChatCell.xib; sourceTree = "<group>"; };
		62E3AB801EA107530061802F /* DisclaimerVC.swift */ = {isa = PBXFileReference; fileEncoding = 4; lastKnownFileType = sourcecode.swift; path = DisclaimerVC.swift; sourceTree = "<group>"; };
		62E3AB811EA107530061802F /* DisclaimerVC.xib */ = {isa = PBXFileReference; fileEncoding = 4; lastKnownFileType = file.xib; path = DisclaimerVC.xib; sourceTree = "<group>"; };
		62E3AB841EA10C140061802F /* ChatVC.swift */ = {isa = PBXFileReference; fileEncoding = 4; lastKnownFileType = sourcecode.swift; path = ChatVC.swift; sourceTree = "<group>"; };
		62E3AB851EA10C140061802F /* ChatVC.xib */ = {isa = PBXFileReference; fileEncoding = 4; lastKnownFileType = file.xib; path = ChatVC.xib; sourceTree = "<group>"; };
		62E3AB891EA112C40061802F /* Ubuntu-B.ttf */ = {isa = PBXFileReference; lastKnownFileType = file; path = "Ubuntu-B.ttf"; sourceTree = "<group>"; };
		62E3AB8B1EA112C40061802F /* Ubuntu-C.ttf */ = {isa = PBXFileReference; lastKnownFileType = file; path = "Ubuntu-C.ttf"; sourceTree = "<group>"; };
		62E3AB8C1EA112C40061802F /* Ubuntu-L.ttf */ = {isa = PBXFileReference; lastKnownFileType = file; path = "Ubuntu-L.ttf"; sourceTree = "<group>"; };
		62E3AB8E1EA112C40061802F /* Ubuntu-M.ttf */ = {isa = PBXFileReference; lastKnownFileType = file; path = "Ubuntu-M.ttf"; sourceTree = "<group>"; };
		62E3AB901EA112C40061802F /* Ubuntu-R.ttf */ = {isa = PBXFileReference; lastKnownFileType = file; path = "Ubuntu-R.ttf"; sourceTree = "<group>"; };
		62E3AB921EA112C40061802F /* UbuntuMono-B.ttf */ = {isa = PBXFileReference; lastKnownFileType = file; path = "UbuntuMono-B.ttf"; sourceTree = "<group>"; };
		62E3AB941EA112C40061802F /* UbuntuMono-R.ttf */ = {isa = PBXFileReference; lastKnownFileType = file; path = "UbuntuMono-R.ttf"; sourceTree = "<group>"; };
		841BFB6489E27734BA4F917F /* Pods-Preelo.release.xcconfig */ = {isa = PBXFileReference; includeInIndex = 1; lastKnownFileType = text.xcconfig; name = "Pods-Preelo.release.xcconfig"; path = "Pods/Target Support Files/Pods-Preelo/Pods-Preelo.release.xcconfig"; sourceTree = "<group>"; };
		A609B1C2189643CD7DF9756B /* Pods_Preelo.framework */ = {isa = PBXFileReference; explicitFileType = wrapper.framework; includeInIndex = 0; path = Pods_Preelo.framework; sourceTree = BUILT_PRODUCTS_DIR; };
		B609595407FF0E67B98510E1 /* Pods-Preelo.debug.xcconfig */ = {isa = PBXFileReference; includeInIndex = 1; lastKnownFileType = text.xcconfig; name = "Pods-Preelo.debug.xcconfig"; path = "Pods/Target Support Files/Pods-Preelo/Pods-Preelo.debug.xcconfig"; sourceTree = "<group>"; };
/* End PBXFileReference section */

/* Begin PBXFrameworksBuildPhase section */
		621C2C111E750D95008BD57F /* Frameworks */ = {
			isa = PBXFrameworksBuildPhase;
			buildActionMask = 2147483647;
			files = (
				62DA83641ED19F040048A9D9 /* AssetsLibrary.framework in Frameworks */,
				1FFF0610CDC78805412E316B /* Pods_Preelo.framework in Frameworks */,
			);
			runOnlyForDeploymentPostprocessing = 0;
		};
		621C2C251E750D95008BD57F /* Frameworks */ = {
			isa = PBXFrameworksBuildPhase;
			buildActionMask = 2147483647;
			files = (
			);
			runOnlyForDeploymentPostprocessing = 0;
		};
		621C2C301E750D95008BD57F /* Frameworks */ = {
			isa = PBXFrameworksBuildPhase;
			buildActionMask = 2147483647;
			files = (
			);
			runOnlyForDeploymentPostprocessing = 0;
		};
/* End PBXFrameworksBuildPhase section */

/* Begin PBXGroup section */
		621C2C0B1E750D95008BD57F = {
			isa = PBXGroup;
			children = (
				621C2C161E750D95008BD57F /* Preelo */,
				621C2C2B1E750D95008BD57F /* PreeloTests */,
				621C2C361E750D95008BD57F /* PreeloUITests */,
				621C2C151E750D95008BD57F /* Products */,
				EF5407DDEDA9C8D08039ABC7 /* Pods */,
				9A70AC1F04C3E9FF45C91C49 /* Frameworks */,
			);
			sourceTree = "<group>";
		};
		621C2C151E750D95008BD57F /* Products */ = {
			isa = PBXGroup;
			children = (
				621C2C141E750D95008BD57F /* Preelo.app */,
				621C2C281E750D95008BD57F /* PreeloTests.xctest */,
				621C2C331E750D95008BD57F /* PreeloUITests.xctest */,
			);
			name = Products;
			sourceTree = "<group>";
		};
		621C2C161E750D95008BD57F /* Preelo */ = {
			isa = PBXGroup;
			children = (
				621C2C171E750D95008BD57F /* AppDelegate.swift */,
				622A8FCF1E9D540400B34B56 /* Extension */,
				62C6F7FA1EB8811D00D5160A /* Preelo-Bridging-Header.h */,
				629E4E871EA29BF700F280AD /* Models */,
				622A8FD11E9D546300B34B56 /* logIn */,
				622A8FD01E9D542B00B34B56 /* PatientVC */,
				622A8FD21E9D547E00B34B56 /* parentVC */,
				623D5EDE1EA0C4D000389481 /* MessageVC */,
				623D5EDC1EA0BAA200389481 /* SlideOutVC.swift */,
				622A8FB41E9D3A1200B34B56 /* ReminderVC.swift */,
				62DAC9E41EABEECA005BB0FF /* selectChildren */,
				62E3AB7F1EA106CF0061802F /* ChatVC */,
				62ACD5061EA1292A000B0EDE /* Network */,
				622A8FAC1E9D3A1200B34B56 /* Main.storyboard */,
				621C2C1E1E750D95008BD57F /* Assets.xcassets */,
				621C2C201E750D95008BD57F /* LaunchScreen.storyboard */,
				621C2C231E750D95008BD57F /* Info.plist */,
			);
			path = Preelo;
			sourceTree = "<group>";
		};
		621C2C2B1E750D95008BD57F /* PreeloTests */ = {
			isa = PBXGroup;
			children = (
				621C2C2C1E750D95008BD57F /* PreeloTests.swift */,
				621C2C2E1E750D95008BD57F /* Info.plist */,
			);
			path = PreeloTests;
			sourceTree = "<group>";
		};
		621C2C361E750D95008BD57F /* PreeloUITests */ = {
			isa = PBXGroup;
			children = (
				621C2C371E750D95008BD57F /* PreeloUITests.swift */,
				621C2C391E750D95008BD57F /* Info.plist */,
			);
			path = PreeloUITests;
			sourceTree = "<group>";
		};
		622A8FCF1E9D540400B34B56 /* Extension */ = {
			isa = PBXGroup;
			children = (
				622A8FA61E9D3A1200B34B56 /* CustomNavigationBar.swift */,
				622A8FA51E9D3A1200B34B56 /* AutoLayoutHelper.swift */,
				622A8FA71E9D3A1200B34B56 /* Extensions.swift */,
				622A8FA81E9D3A1200B34B56 /* FloatingTextField.swift */,
				622A8FB61E9D3A1200B34B56 /* TextValidator.swift */,
				622A8FB51E9D3A1200B34B56 /* StaticContentFile.swift */,
				622A8FB31E9D3A1200B34B56 /* PreeloTextField.swift */,
				622A8FD51E9D6B3800B34B56 /* AlertVC.swift */,
				6224B2631EB8EC11009C8D98 /* AlertVC.xib */,
				62CDDBDC1ECA3354000A2AC7 /* PlistManager.swift */,
				62E3AB881EA112A60061802F /* CustomFont */,
			);
			name = Extension;
			sourceTree = "<group>";
		};
		622A8FD01E9D542B00B34B56 /* PatientVC */ = {
			isa = PBXGroup;
			children = (
				626AB13C1EA35FD2001271D3 /* TabBarVC.swift */,
				622A8FB01E9D3A1200B34B56 /* PatientListVC.swift */,
				622A8FA31E9D3A1200B34B56 /* AddPatientVC.swift */,
				622A8FA41E9D3A1200B34B56 /* AddPatientVC.xib */,
			);
			name = PatientVC;
			sourceTree = "<group>";
		};
		622A8FD11E9D546300B34B56 /* logIn */ = {
			isa = PBXGroup;
			children = (
				622A8FAB1E9D3A1200B34B56 /* LoginVC.swift */,
				622A8FAA1E9D3A1200B34B56 /* LoginDetailVC.swift */,
				622A8FA91E9D3A1200B34B56 /* ForgotPasswordVC.swift */,
			);
			name = logIn;
			sourceTree = "<group>";
		};
		622A8FD21E9D547E00B34B56 /* parentVC */ = {
			isa = PBXGroup;
			children = (
				622A8FAE1E9D3A1200B34B56 /* ParentDetailVC.swift */,
				6203EECD1EA61D8000E7D38B /* ParentDetailVC.xib */,
				622A8FCB1E9D500C00B34B56 /* ParentDetailCell.swift */,
				622A8FCC1E9D500C00B34B56 /* ParentDetailCell.xib */,
				62C6F7F81EB87BCA00D5160A /* RelationPickerView.swift */,
			);
			name = parentVC;
			sourceTree = "<group>";
		};
		623D5EDE1EA0C4D000389481 /* MessageVC */ = {
			isa = PBXGroup;
			children = (
				622A8FAD1E9D3A1200B34B56 /* MessageVC.swift */,
				62E3AB7B1EA101410061802F /* ChatCell.swift */,
				62E3AB7C1EA101410061802F /* ChatCell.xib */,
			);
			name = MessageVC;
			sourceTree = "<group>";
		};
		629E4E871EA29BF700F280AD /* Models */ = {
			isa = PBXGroup;
			children = (
				629E4E881EA29C1600F280AD /* logIn.swift */,
				629E4E8A1EA29C8800F280AD /* LogInDetail.swift */,
				629E4E8E1EA2A41C00F280AD /* ForgotPassword.swift */,
				629E4E921EA2AABB00F280AD /* Patients.swift */,
				629E4E941EA2AB7300F280AD /* PatientList.swift */,
				629E4E961EA2AB7F00F280AD /* FamilyList.swift */,
				626AB13E1EA36350001271D3 /* DoctorList.swift */,
				626AB1421EA36461001271D3 /* ChildrenDetail.swift */,
				62DAC9EF1EABFD58005BB0FF /* AuthorizeRequest.swift */,
				624B44531EAE76FD0014D2A2 /* DocAuthorizationRequest.swift */,
				626160F41EC42E82002CCCA8 /* ChannelDetail.swift */,
				626160F61EC43146002CCCA8 /* RecentMessages.swift */,
				62B729F81EC8538A006057DB /* SuccessStatus.swift */,
				62D064921EA3EE91007A503F /* AddPatient */,
			);
			name = Models;
			sourceTree = "<group>";
		};
		62ACD5061EA1292A000B0EDE /* Network */ = {
			isa = PBXGroup;
			children = (
				62ACD5041EA125D1000B0EDE /* NetworkURL.swift */,
				62ACD5071EA129BF000B0EDE /* LogInRouter.swift */,
				629E4E8C1EA29FD200F280AD /* PatientRouter.swift */,
				624C63071EADDF8A00934D3E /* SelectRouter.swift */,
				626AB1441EA365FE001271D3 /* DoctorListRouter.swift */,
				62D432801EA3C08F005FA616 /* LogoutRouter.swift */,
				62DAC9ED1EABF897005BB0FF /* AuthorizeRouter.swift */,
				624B44551EAE79410014D2A2 /* AuthorizationRequestListRouter.swift */,
				62D027DC1EB12E0500A6ACF3 /* SendTextMessageRouter.swift */,
			);
			name = Network;
			sourceTree = "<group>";
		};
		62B729EB1EC83E85006057DB /* Cell */ = {
			isa = PBXGroup;
			children = (
				62B729E31EC83E63006057DB /* FromMessageCell.swift */,
				62B729E41EC83E63006057DB /* FromMessageCell.xib */,
				62B729E71EC83E74006057DB /* ToMessageCell.swift */,
				62B729E81EC83E74006057DB /* ToMessageCell.xib */,
				62B729EC1EC84387006057DB /* ImageListCell.swift */,
				62B729ED1EC84387006057DB /* ImageListCell.xib */,
				62B729F01EC84575006057DB /* ImageCell.swift */,
				62B729F11EC84575006057DB /* ImageCell.xib */,
			);
			name = Cell;
			sourceTree = "<group>";
		};
		62D064921EA3EE91007A503F /* AddPatient */ = {
			isa = PBXGroup;
			children = (
				62D064931EA3EEB4007A503F /* addPatient.swift */,
				62D064951EA3EF00007A503F /* addFamily.swift */,
			);
			name = AddPatient;
			sourceTree = "<group>";
		};
		62DAC9E41EABEECA005BB0FF /* selectChildren */ = {
			isa = PBXGroup;
			children = (
				62DAC9E91EABEF04005BB0FF /* SelectChildrenVC.swift */,
				62DAC9EA1EABEF04005BB0FF /* SelectChildrenVC.xib */,
			);
			name = selectChildren;
			sourceTree = "<group>";
		};
		62E3AB7F1EA106CF0061802F /* ChatVC */ = {
			isa = PBXGroup;
			children = (
				62E3AB841EA10C140061802F /* ChatVC.swift */,
				62E3AB851EA10C140061802F /* ChatVC.xib */,
				62B729FA1EC862C5006057DB /* SelectedImagesVC.swift */,
				62B729FB1EC862C5006057DB /* SelectedImagesVC.xib */,
				62B729EB1EC83E85006057DB /* Cell */,
				62E3AB801EA107530061802F /* DisclaimerVC.swift */,
				62E3AB811EA107530061802F /* DisclaimerVC.xib */,
				62B729F41EC84800006057DB /* CompleteImageVC.swift */,
				62B729F51EC84800006057DB /* CompleteImageVC.xib */,
			);
			name = ChatVC;
			sourceTree = "<group>";
		};
		62E3AB881EA112A60061802F /* CustomFont */ = {
			isa = PBXGroup;
			children = (
				62E3AB891EA112C40061802F /* Ubuntu-B.ttf */,
				62E3AB8B1EA112C40061802F /* Ubuntu-C.ttf */,
				62E3AB8C1EA112C40061802F /* Ubuntu-L.ttf */,
				62E3AB8E1EA112C40061802F /* Ubuntu-M.ttf */,
				62E3AB901EA112C40061802F /* Ubuntu-R.ttf */,
				62E3AB921EA112C40061802F /* UbuntuMono-B.ttf */,
				62E3AB941EA112C40061802F /* UbuntuMono-R.ttf */,
			);
			name = CustomFont;
			sourceTree = "<group>";
		};
		9A70AC1F04C3E9FF45C91C49 /* Frameworks */ = {
			isa = PBXGroup;
			children = (
				62DA83631ED19F040048A9D9 /* AssetsLibrary.framework */,
				A609B1C2189643CD7DF9756B /* Pods_Preelo.framework */,
			);
			name = Frameworks;
			sourceTree = "<group>";
		};
		EF5407DDEDA9C8D08039ABC7 /* Pods */ = {
			isa = PBXGroup;
			children = (
				B609595407FF0E67B98510E1 /* Pods-Preelo.debug.xcconfig */,
				841BFB6489E27734BA4F917F /* Pods-Preelo.release.xcconfig */,
			);
			name = Pods;
			sourceTree = "<group>";
		};
/* End PBXGroup section */

/* Begin PBXNativeTarget section */
		621C2C131E750D95008BD57F /* Preelo */ = {
			isa = PBXNativeTarget;
			buildConfigurationList = 621C2C3C1E750D95008BD57F /* Build configuration list for PBXNativeTarget "Preelo" */;
			buildPhases = (
				DB521A83D61CCF7EAFAB6FCE /* [CP] Check Pods Manifest.lock */,
				621C2C101E750D95008BD57F /* Sources */,
				621C2C111E750D95008BD57F /* Frameworks */,
				621C2C121E750D95008BD57F /* Resources */,
				A72C5C02C2031ECEF897767C /* [CP] Embed Pods Frameworks */,
				E6600FC8789D199AEBA98F0A /* [CP] Copy Pods Resources */,
			);
			buildRules = (
			);
			dependencies = (
			);
			name = Preelo;
			productName = Preelo;
			productReference = 621C2C141E750D95008BD57F /* Preelo.app */;
			productType = "com.apple.product-type.application";
		};
		621C2C271E750D95008BD57F /* PreeloTests */ = {
			isa = PBXNativeTarget;
			buildConfigurationList = 621C2C3F1E750D95008BD57F /* Build configuration list for PBXNativeTarget "PreeloTests" */;
			buildPhases = (
				621C2C241E750D95008BD57F /* Sources */,
				621C2C251E750D95008BD57F /* Frameworks */,
				621C2C261E750D95008BD57F /* Resources */,
			);
			buildRules = (
			);
			dependencies = (
				621C2C2A1E750D95008BD57F /* PBXTargetDependency */,
			);
			name = PreeloTests;
			productName = PreeloTests;
			productReference = 621C2C281E750D95008BD57F /* PreeloTests.xctest */;
			productType = "com.apple.product-type.bundle.unit-test";
		};
		621C2C321E750D95008BD57F /* PreeloUITests */ = {
			isa = PBXNativeTarget;
			buildConfigurationList = 621C2C421E750D95008BD57F /* Build configuration list for PBXNativeTarget "PreeloUITests" */;
			buildPhases = (
				621C2C2F1E750D95008BD57F /* Sources */,
				621C2C301E750D95008BD57F /* Frameworks */,
				621C2C311E750D95008BD57F /* Resources */,
			);
			buildRules = (
			);
			dependencies = (
				621C2C351E750D95008BD57F /* PBXTargetDependency */,
			);
			name = PreeloUITests;
			productName = PreeloUITests;
			productReference = 621C2C331E750D95008BD57F /* PreeloUITests.xctest */;
			productType = "com.apple.product-type.bundle.ui-testing";
		};
/* End PBXNativeTarget section */

/* Begin PBXProject section */
		621C2C0C1E750D95008BD57F /* Project object */ = {
			isa = PBXProject;
			attributes = {
				LastSwiftUpdateCheck = 0820;
				LastUpgradeCheck = 0820;
				ORGANIZATIONNAME = "Manasa MP";
				TargetAttributes = {
					621C2C131E750D95008BD57F = {
						CreatedOnToolsVersion = 8.2.1;
						DevelopmentTeam = HZGDDHA8F3;
						LastSwiftMigration = 0820;
						ProvisioningStyle = Automatic;
					};
					621C2C271E750D95008BD57F = {
						CreatedOnToolsVersion = 8.2.1;
						ProvisioningStyle = Automatic;
						TestTargetID = 621C2C131E750D95008BD57F;
					};
					621C2C321E750D95008BD57F = {
						CreatedOnToolsVersion = 8.2.1;
						ProvisioningStyle = Automatic;
						TestTargetID = 621C2C131E750D95008BD57F;
					};
				};
			};
			buildConfigurationList = 621C2C0F1E750D95008BD57F /* Build configuration list for PBXProject "Preelo" */;
			compatibilityVersion = "Xcode 3.2";
			developmentRegion = English;
			hasScannedForEncodings = 0;
			knownRegions = (
				en,
				Base,
			);
			mainGroup = 621C2C0B1E750D95008BD57F;
			productRefGroup = 621C2C151E750D95008BD57F /* Products */;
			projectDirPath = "";
			projectRoot = "";
			targets = (
				621C2C131E750D95008BD57F /* Preelo */,
				621C2C271E750D95008BD57F /* PreeloTests */,
				621C2C321E750D95008BD57F /* PreeloUITests */,
			);
		};
/* End PBXProject section */

/* Begin PBXResourcesBuildPhase section */
		621C2C121E750D95008BD57F /* Resources */ = {
			isa = PBXResourcesBuildPhase;
			buildActionMask = 2147483647;
			files = (
				62E3AB961EA114340061802F /* Ubuntu-B.ttf in Resources */,
				62E3AB971EA114340061802F /* Ubuntu-C.ttf in Resources */,
				62E3AB981EA114340061802F /* Ubuntu-L.ttf in Resources */,
				62B729F31EC84575006057DB /* ImageCell.xib in Resources */,
				62B729EF1EC84387006057DB /* ImageListCell.xib in Resources */,
				62B729FD1EC862C5006057DB /* SelectedImagesVC.xib in Resources */,
				62DAC9EC1EABEF04005BB0FF /* SelectChildrenVC.xib in Resources */,
				62E3AB991EA114340061802F /* Ubuntu-M.ttf in Resources */,
				62E3AB9A1EA114340061802F /* Ubuntu-R.ttf in Resources */,
				62E3AB9B1EA114340061802F /* UbuntuMono-B.ttf in Resources */,
				62E3AB9C1EA114340061802F /* UbuntuMono-R.ttf in Resources */,
				622A8FCE1E9D500C00B34B56 /* ParentDetailCell.xib in Resources */,
				62B729EA1EC83E74006057DB /* ToMessageCell.xib in Resources */,
				62B729E61EC83E63006057DB /* FromMessageCell.xib in Resources */,
				621C2C221E750D95008BD57F /* LaunchScreen.storyboard in Resources */,
				622A8FB81E9D3A1200B34B56 /* AddPatientVC.xib in Resources */,
				62E3AB871EA10C140061802F /* ChatVC.xib in Resources */,
				621C2C1F1E750D95008BD57F /* Assets.xcassets in Resources */,
				62B729F71EC84800006057DB /* CompleteImageVC.xib in Resources */,
				62E3AB7E1EA101410061802F /* ChatCell.xib in Resources */,
				62E3AB831EA107530061802F /* DisclaimerVC.xib in Resources */,
				6224B2641EB8EC11009C8D98 /* AlertVC.xib in Resources */,
				6203EECE1EA61D8000E7D38B /* ParentDetailVC.xib in Resources */,
				622A8FC01E9D3A1200B34B56 /* Main.storyboard in Resources */,
			);
			runOnlyForDeploymentPostprocessing = 0;
		};
		621C2C261E750D95008BD57F /* Resources */ = {
			isa = PBXResourcesBuildPhase;
			buildActionMask = 2147483647;
			files = (
			);
			runOnlyForDeploymentPostprocessing = 0;
		};
		621C2C311E750D95008BD57F /* Resources */ = {
			isa = PBXResourcesBuildPhase;
			buildActionMask = 2147483647;
			files = (
			);
			runOnlyForDeploymentPostprocessing = 0;
		};
/* End PBXResourcesBuildPhase section */

/* Begin PBXShellScriptBuildPhase section */
		A72C5C02C2031ECEF897767C /* [CP] Embed Pods Frameworks */ = {
			isa = PBXShellScriptBuildPhase;
			buildActionMask = 2147483647;
			files = (
			);
			inputPaths = (
			);
			name = "[CP] Embed Pods Frameworks";
			outputPaths = (
			);
			runOnlyForDeploymentPostprocessing = 0;
			shellPath = /bin/sh;
			shellScript = "\"${SRCROOT}/Pods/Target Support Files/Pods-Preelo/Pods-Preelo-frameworks.sh\"\n";
			showEnvVarsInLog = 0;
		};
		DB521A83D61CCF7EAFAB6FCE /* [CP] Check Pods Manifest.lock */ = {
			isa = PBXShellScriptBuildPhase;
			buildActionMask = 2147483647;
			files = (
			);
			inputPaths = (
			);
			name = "[CP] Check Pods Manifest.lock";
			outputPaths = (
			);
			runOnlyForDeploymentPostprocessing = 0;
			shellPath = /bin/sh;
			shellScript = "diff \"${PODS_ROOT}/../Podfile.lock\" \"${PODS_ROOT}/Manifest.lock\" > /dev/null\nif [ $? != 0 ] ; then\n    # print error to STDERR\n    echo \"error: The sandbox is not in sync with the Podfile.lock. Run 'pod install' or update your CocoaPods installation.\" >&2\n    exit 1\nfi\n";
			showEnvVarsInLog = 0;
		};
		E6600FC8789D199AEBA98F0A /* [CP] Copy Pods Resources */ = {
			isa = PBXShellScriptBuildPhase;
			buildActionMask = 2147483647;
			files = (
			);
			inputPaths = (
			);
			name = "[CP] Copy Pods Resources";
			outputPaths = (
			);
			runOnlyForDeploymentPostprocessing = 0;
			shellPath = /bin/sh;
			shellScript = "\"${SRCROOT}/Pods/Target Support Files/Pods-Preelo/Pods-Preelo-resources.sh\"\n";
			showEnvVarsInLog = 0;
		};
/* End PBXShellScriptBuildPhase section */

/* Begin PBXSourcesBuildPhase section */
		621C2C101E750D95008BD57F /* Sources */ = {
			isa = PBXSourcesBuildPhase;
			buildActionMask = 2147483647;
			files = (
				622A8FBB1E9D3A1200B34B56 /* Extensions.swift in Sources */,
				62B729EE1EC84387006057DB /* ImageListCell.swift in Sources */,
				629E4E8B1EA29C8800F280AD /* LogInDetail.swift in Sources */,
				626AB1431EA36461001271D3 /* ChildrenDetail.swift in Sources */,
				62D064941EA3EEB4007A503F /* addPatient.swift in Sources */,
				626160F71EC43146002CCCA8 /* RecentMessages.swift in Sources */,
				622A8FBD1E9D3A1200B34B56 /* ForgotPasswordVC.swift in Sources */,
				62C6F7F91EB87BCA00D5160A /* RelationPickerView.swift in Sources */,
				622A8FBC1E9D3A1200B34B56 /* FloatingTextField.swift in Sources */,
				629E4E971EA2AB7F00F280AD /* FamilyList.swift in Sources */,
				622A8FC91E9D3A1200B34B56 /* StaticContentFile.swift in Sources */,
				622A8FBE1E9D3A1200B34B56 /* LoginDetailVC.swift in Sources */,
				626AB1451EA365FE001271D3 /* DoctorListRouter.swift in Sources */,
				622A8FBA1E9D3A1200B34B56 /* CustomNavigationBar.swift in Sources */,
				622A8FC41E9D3A1200B34B56 /* PatientListVC.swift in Sources */,
				629E4E931EA2AABB00F280AD /* Patients.swift in Sources */,
				624B44561EAE79410014D2A2 /* AuthorizationRequestListRouter.swift in Sources */,
				62B729F91EC8538A006057DB /* SuccessStatus.swift in Sources */,
				62B729E51EC83E63006057DB /* FromMessageCell.swift in Sources */,
				626AB13F1EA36350001271D3 /* DoctorList.swift in Sources */,
				622A8FBF1E9D3A1200B34B56 /* LoginVC.swift in Sources */,
				62D027DD1EB12E0500A6ACF3 /* SendTextMessageRouter.swift in Sources */,
				624B44541EAE76FD0014D2A2 /* DocAuthorizationRequest.swift in Sources */,
				62E3AB861EA10C140061802F /* ChatVC.swift in Sources */,
				62E3AB7D1EA101410061802F /* ChatCell.swift in Sources */,
				626AB13D1EA35FD2001271D3 /* TabBarVC.swift in Sources */,
				622A8FC11E9D3A1200B34B56 /* MessageVC.swift in Sources */,
				62B729F61EC84800006057DB /* CompleteImageVC.swift in Sources */,
				62E3AB821EA107530061802F /* DisclaimerVC.swift in Sources */,
				622A8FCD1E9D500C00B34B56 /* ParentDetailCell.swift in Sources */,
				629E4E891EA29C1600F280AD /* logIn.swift in Sources */,
				622A8FB91E9D3A1200B34B56 /* AutoLayoutHelper.swift in Sources */,
				622A8FC81E9D3A1200B34B56 /* ReminderVC.swift in Sources */,
				622A8FD71E9D6B3800B34B56 /* AlertVC.swift in Sources */,
				629E4E8F1EA2A41C00F280AD /* ForgotPassword.swift in Sources */,
				62DAC9EB1EABEF04005BB0FF /* SelectChildrenVC.swift in Sources */,
				62CDDBDD1ECA3354000A2AC7 /* PlistManager.swift in Sources */,
				62B729F21EC84575006057DB /* ImageCell.swift in Sources */,
				623D5EDD1EA0BAA200389481 /* SlideOutVC.swift in Sources */,
				622A8FC21E9D3A1200B34B56 /* ParentDetailVC.swift in Sources */,
				62B729E91EC83E74006057DB /* ToMessageCell.swift in Sources */,
				62B729FC1EC862C5006057DB /* SelectedImagesVC.swift in Sources */,
				62D064961EA3EF00007A503F /* addFamily.swift in Sources */,
				629E4E8D1EA29FD200F280AD /* PatientRouter.swift in Sources */,
				622A8FB71E9D3A1200B34B56 /* AddPatientVC.swift in Sources */,
				624C63081EADDF8A00934D3E /* SelectRouter.swift in Sources */,
				62ACD5051EA125D1000B0EDE /* NetworkURL.swift in Sources */,
				62DAC9EE1EABF897005BB0FF /* AuthorizeRouter.swift in Sources */,
				62D432811EA3C08F005FA616 /* LogoutRouter.swift in Sources */,
				622A8FCA1E9D3A1200B34B56 /* TextValidator.swift in Sources */,
				626160F51EC42E82002CCCA8 /* ChannelDetail.swift in Sources */,
				62ACD5081EA129BF000B0EDE /* LogInRouter.swift in Sources */,
				629E4E951EA2AB7300F280AD /* PatientList.swift in Sources */,
				62DAC9F01EABFD58005BB0FF /* AuthorizeRequest.swift in Sources */,
				622A8FC71E9D3A1200B34B56 /* PreeloTextField.swift in Sources */,
				621C2C181E750D95008BD57F /* AppDelegate.swift in Sources */,
			);
			runOnlyForDeploymentPostprocessing = 0;
		};
		621C2C241E750D95008BD57F /* Sources */ = {
			isa = PBXSourcesBuildPhase;
			buildActionMask = 2147483647;
			files = (
				621C2C2D1E750D95008BD57F /* PreeloTests.swift in Sources */,
			);
			runOnlyForDeploymentPostprocessing = 0;
		};
		621C2C2F1E750D95008BD57F /* Sources */ = {
			isa = PBXSourcesBuildPhase;
			buildActionMask = 2147483647;
			files = (
				621C2C381E750D95008BD57F /* PreeloUITests.swift in Sources */,
			);
			runOnlyForDeploymentPostprocessing = 0;
		};
/* End PBXSourcesBuildPhase section */

/* Begin PBXTargetDependency section */
		621C2C2A1E750D95008BD57F /* PBXTargetDependency */ = {
			isa = PBXTargetDependency;
			target = 621C2C131E750D95008BD57F /* Preelo */;
			targetProxy = 621C2C291E750D95008BD57F /* PBXContainerItemProxy */;
		};
		621C2C351E750D95008BD57F /* PBXTargetDependency */ = {
			isa = PBXTargetDependency;
			target = 621C2C131E750D95008BD57F /* Preelo */;
			targetProxy = 621C2C341E750D95008BD57F /* PBXContainerItemProxy */;
		};
/* End PBXTargetDependency section */

/* Begin PBXVariantGroup section */
		621C2C201E750D95008BD57F /* LaunchScreen.storyboard */ = {
			isa = PBXVariantGroup;
			children = (
				621C2C211E750D95008BD57F /* Base */,
			);
			name = LaunchScreen.storyboard;
			sourceTree = "<group>";
		};
/* End PBXVariantGroup section */

/* Begin XCBuildConfiguration section */
		621C2C3A1E750D95008BD57F /* Debug */ = {
			isa = XCBuildConfiguration;
			buildSettings = {
				ALWAYS_SEARCH_USER_PATHS = NO;
				CLANG_ANALYZER_NONNULL = YES;
				CLANG_CXX_LANGUAGE_STANDARD = "gnu++0x";
				CLANG_CXX_LIBRARY = "libc++";
				CLANG_ENABLE_MODULES = YES;
				CLANG_ENABLE_OBJC_ARC = YES;
				CLANG_WARN_BOOL_CONVERSION = YES;
				CLANG_WARN_CONSTANT_CONVERSION = YES;
				CLANG_WARN_DIRECT_OBJC_ISA_USAGE = YES_ERROR;
				CLANG_WARN_DOCUMENTATION_COMMENTS = YES;
				CLANG_WARN_EMPTY_BODY = YES;
				CLANG_WARN_ENUM_CONVERSION = YES;
				CLANG_WARN_INFINITE_RECURSION = YES;
				CLANG_WARN_INT_CONVERSION = YES;
				CLANG_WARN_OBJC_ROOT_CLASS = YES_ERROR;
				CLANG_WARN_SUSPICIOUS_MOVE = YES;
				CLANG_WARN_UNREACHABLE_CODE = YES;
				CLANG_WARN__DUPLICATE_METHOD_MATCH = YES;
				"CODE_SIGN_IDENTITY[sdk=iphoneos*]" = "iPhone Developer";
				COPY_PHASE_STRIP = NO;
				DEBUG_INFORMATION_FORMAT = dwarf;
				ENABLE_STRICT_OBJC_MSGSEND = YES;
				ENABLE_TESTABILITY = YES;
				GCC_C_LANGUAGE_STANDARD = gnu99;
				GCC_DYNAMIC_NO_PIC = NO;
				GCC_NO_COMMON_BLOCKS = YES;
				GCC_OPTIMIZATION_LEVEL = 0;
				GCC_PREPROCESSOR_DEFINITIONS = (
					"DEBUG=1",
					"$(inherited)",
				);
				GCC_WARN_64_TO_32_BIT_CONVERSION = YES;
				GCC_WARN_ABOUT_RETURN_TYPE = YES_ERROR;
				GCC_WARN_UNDECLARED_SELECTOR = YES;
				GCC_WARN_UNINITIALIZED_AUTOS = YES_AGGRESSIVE;
				GCC_WARN_UNUSED_FUNCTION = YES;
				GCC_WARN_UNUSED_VARIABLE = YES;
				IPHONEOS_DEPLOYMENT_TARGET = 10.2;
				MTL_ENABLE_DEBUG_INFO = YES;
				ONLY_ACTIVE_ARCH = YES;
				SDKROOT = iphoneos;
				SWIFT_ACTIVE_COMPILATION_CONDITIONS = DEBUG;
				SWIFT_OPTIMIZATION_LEVEL = "-Onone";
				TARGETED_DEVICE_FAMILY = "1,2";
			};
			name = Debug;
		};
		621C2C3B1E750D95008BD57F /* Release */ = {
			isa = XCBuildConfiguration;
			buildSettings = {
				ALWAYS_SEARCH_USER_PATHS = NO;
				CLANG_ANALYZER_NONNULL = YES;
				CLANG_CXX_LANGUAGE_STANDARD = "gnu++0x";
				CLANG_CXX_LIBRARY = "libc++";
				CLANG_ENABLE_MODULES = YES;
				CLANG_ENABLE_OBJC_ARC = YES;
				CLANG_WARN_BOOL_CONVERSION = YES;
				CLANG_WARN_CONSTANT_CONVERSION = YES;
				CLANG_WARN_DIRECT_OBJC_ISA_USAGE = YES_ERROR;
				CLANG_WARN_DOCUMENTATION_COMMENTS = YES;
				CLANG_WARN_EMPTY_BODY = YES;
				CLANG_WARN_ENUM_CONVERSION = YES;
				CLANG_WARN_INFINITE_RECURSION = YES;
				CLANG_WARN_INT_CONVERSION = YES;
				CLANG_WARN_OBJC_ROOT_CLASS = YES_ERROR;
				CLANG_WARN_SUSPICIOUS_MOVE = YES;
				CLANG_WARN_UNREACHABLE_CODE = YES;
				CLANG_WARN__DUPLICATE_METHOD_MATCH = YES;
				"CODE_SIGN_IDENTITY[sdk=iphoneos*]" = "iPhone Developer";
				COPY_PHASE_STRIP = NO;
				DEBUG_INFORMATION_FORMAT = "dwarf-with-dsym";
				ENABLE_NS_ASSERTIONS = NO;
				ENABLE_STRICT_OBJC_MSGSEND = YES;
				GCC_C_LANGUAGE_STANDARD = gnu99;
				GCC_NO_COMMON_BLOCKS = YES;
				GCC_WARN_64_TO_32_BIT_CONVERSION = YES;
				GCC_WARN_ABOUT_RETURN_TYPE = YES_ERROR;
				GCC_WARN_UNDECLARED_SELECTOR = YES;
				GCC_WARN_UNINITIALIZED_AUTOS = YES_AGGRESSIVE;
				GCC_WARN_UNUSED_FUNCTION = YES;
				GCC_WARN_UNUSED_VARIABLE = YES;
				IPHONEOS_DEPLOYMENT_TARGET = 10.2;
				MTL_ENABLE_DEBUG_INFO = NO;
				SDKROOT = iphoneos;
				SWIFT_OPTIMIZATION_LEVEL = "-Owholemodule";
				TARGETED_DEVICE_FAMILY = "1,2";
				VALIDATE_PRODUCT = YES;
			};
			name = Release;
		};
		621C2C3D1E750D95008BD57F /* Debug */ = {
			isa = XCBuildConfiguration;
			baseConfigurationReference = B609595407FF0E67B98510E1 /* Pods-Preelo.debug.xcconfig */;
			buildSettings = {
				ASSETCATALOG_COMPILER_APPICON_NAME = AppIcon;
				ASSETCATALOG_COMPILER_LAUNCHIMAGE_NAME = LaunchImage;
				CLANG_ENABLE_MODULES = YES;
				DEVELOPMENT_TEAM = HZGDDHA8F3;
				INFOPLIST_FILE = Preelo/Info.plist;
				IPHONEOS_DEPLOYMENT_TARGET = 9.0;
				LD_RUNPATH_SEARCH_PATHS = "$(inherited) @executable_path/Frameworks";
				PRODUCT_BUNDLE_IDENTIFIER = com.preelo.Preelo;
				PRODUCT_NAME = "$(TARGET_NAME)";
				SWIFT_OBJC_BRIDGING_HEADER = "Preelo/Preelo-Bridging-Header.h";
				SWIFT_OPTIMIZATION_LEVEL = "-Onone";
				SWIFT_VERSION = 3.0;
				TARGETED_DEVICE_FAMILY = "1,2";
			};
			name = Debug;
		};
		621C2C3E1E750D95008BD57F /* Release */ = {
			isa = XCBuildConfiguration;
			baseConfigurationReference = 841BFB6489E27734BA4F917F /* Pods-Preelo.release.xcconfig */;
			buildSettings = {
				ASSETCATALOG_COMPILER_APPICON_NAME = AppIcon;
				ASSETCATALOG_COMPILER_LAUNCHIMAGE_NAME = LaunchImage;
				CLANG_ENABLE_MODULES = YES;
				DEVELOPMENT_TEAM = HZGDDHA8F3;
				INFOPLIST_FILE = Preelo/Info.plist;
				IPHONEOS_DEPLOYMENT_TARGET = 9.0;
				LD_RUNPATH_SEARCH_PATHS = "$(inherited) @executable_path/Frameworks";
				PRODUCT_BUNDLE_IDENTIFIER = com.preelo.Preelo;
				PRODUCT_NAME = "$(TARGET_NAME)";
				SWIFT_OBJC_BRIDGING_HEADER = "Preelo/Preelo-Bridging-Header.h";
				SWIFT_VERSION = 3.0;
				TARGETED_DEVICE_FAMILY = "1,2";
			};
			name = Release;
		};
		621C2C401E750D95008BD57F /* Debug */ = {
			isa = XCBuildConfiguration;
			buildSettings = {
				ALWAYS_EMBED_SWIFT_STANDARD_LIBRARIES = YES;
				BUNDLE_LOADER = "$(TEST_HOST)";
				INFOPLIST_FILE = PreeloTests/Info.plist;
				LD_RUNPATH_SEARCH_PATHS = "$(inherited) @executable_path/Frameworks @loader_path/Frameworks";
				PRODUCT_BUNDLE_IDENTIFIER = redBus.PreeloTests;
				PRODUCT_NAME = "$(TARGET_NAME)";
				SWIFT_VERSION = 3.0;
				TEST_HOST = "$(BUILT_PRODUCTS_DIR)/Preelo.app/Preelo";
			};
			name = Debug;
		};
		621C2C411E750D95008BD57F /* Release */ = {
			isa = XCBuildConfiguration;
			buildSettings = {
				ALWAYS_EMBED_SWIFT_STANDARD_LIBRARIES = YES;
				BUNDLE_LOADER = "$(TEST_HOST)";
				INFOPLIST_FILE = PreeloTests/Info.plist;
				LD_RUNPATH_SEARCH_PATHS = "$(inherited) @executable_path/Frameworks @loader_path/Frameworks";
				PRODUCT_BUNDLE_IDENTIFIER = redBus.PreeloTests;
				PRODUCT_NAME = "$(TARGET_NAME)";
				SWIFT_VERSION = 3.0;
				TEST_HOST = "$(BUILT_PRODUCTS_DIR)/Preelo.app/Preelo";
			};
			name = Release;
		};
		621C2C431E750D95008BD57F /* Debug */ = {
			isa = XCBuildConfiguration;
			buildSettings = {
				ALWAYS_EMBED_SWIFT_STANDARD_LIBRARIES = YES;
				INFOPLIST_FILE = PreeloUITests/Info.plist;
				LD_RUNPATH_SEARCH_PATHS = "$(inherited) @executable_path/Frameworks @loader_path/Frameworks";
				PRODUCT_BUNDLE_IDENTIFIER = redBus.PreeloUITests;
				PRODUCT_NAME = "$(TARGET_NAME)";
				SWIFT_VERSION = 3.0;
				TEST_TARGET_NAME = Preelo;
			};
			name = Debug;
		};
		621C2C441E750D95008BD57F /* Release */ = {
			isa = XCBuildConfiguration;
			buildSettings = {
				ALWAYS_EMBED_SWIFT_STANDARD_LIBRARIES = YES;
				INFOPLIST_FILE = PreeloUITests/Info.plist;
				LD_RUNPATH_SEARCH_PATHS = "$(inherited) @executable_path/Frameworks @loader_path/Frameworks";
				PRODUCT_BUNDLE_IDENTIFIER = redBus.PreeloUITests;
				PRODUCT_NAME = "$(TARGET_NAME)";
				SWIFT_VERSION = 3.0;
				TEST_TARGET_NAME = Preelo;
			};
			name = Release;
		};
/* End XCBuildConfiguration section */

/* Begin XCConfigurationList section */
		621C2C0F1E750D95008BD57F /* Build configuration list for PBXProject "Preelo" */ = {
			isa = XCConfigurationList;
			buildConfigurations = (
				621C2C3A1E750D95008BD57F /* Debug */,
				621C2C3B1E750D95008BD57F /* Release */,
			);
			defaultConfigurationIsVisible = 0;
			defaultConfigurationName = Release;
		};
		621C2C3C1E750D95008BD57F /* Build configuration list for PBXNativeTarget "Preelo" */ = {
			isa = XCConfigurationList;
			buildConfigurations = (
				621C2C3D1E750D95008BD57F /* Debug */,
				621C2C3E1E750D95008BD57F /* Release */,
			);
			defaultConfigurationIsVisible = 0;
			defaultConfigurationName = Release;
		};
		621C2C3F1E750D95008BD57F /* Build configuration list for PBXNativeTarget "PreeloTests" */ = {
			isa = XCConfigurationList;
			buildConfigurations = (
				621C2C401E750D95008BD57F /* Debug */,
				621C2C411E750D95008BD57F /* Release */,
			);
			defaultConfigurationIsVisible = 0;
			defaultConfigurationName = Release;
		};
		621C2C421E750D95008BD57F /* Build configuration list for PBXNativeTarget "PreeloUITests" */ = {
			isa = XCConfigurationList;
			buildConfigurations = (
				621C2C431E750D95008BD57F /* Debug */,
				621C2C441E750D95008BD57F /* Release */,
			);
			defaultConfigurationIsVisible = 0;
			defaultConfigurationName = Release;
		};
/* End XCConfigurationList section */
	};
	rootObject = 621C2C0C1E750D95008BD57F /* Project object */;
}
